{
  "name": "create-mailflat",
  "version": "0.2.3",
  "lockfileVersion": 3,
  "requires": true,
  "packages": {
    "": {
      "name": "create-mailflat",
      "version": "0.2.3",
      "license": "MIT",
      "bin": {
        "create-mailflat": "index.js"
      },
      "engines": {
        "node": ">=18"
      }
    }
  }
}
